
Microsoft Visual Studio Solution File, Format Version 12.00
# Visual Studio Version 17
VisualStudioVersion = 17.4.33103.184
MinimumVisualStudioVersion = 10.0.40219.1
Project("{9A19103F-16F7-4668-BE54-9A1E7A4F7556}") = "CSharp11Features", "CSharp11Features\CSharp11Features.csproj", "{2A10963E-E6DB-4291-ADEF-D364A7549F9E}"
EndProject
Project("{2150E333-8FDC-42A3-9474-1A3956D46DE8}") = "Solution Items", "Solution Items", "{92B8706D-8B09-4D1C-9455-0993EF8AD8CA}"
	ProjectSection(SolutionItems) = preProject
		ReadMe.md = ReadMe.md
	EndProjectSection
EndProject
Project("{9A19103F-16F7-4668-BE54-9A1E7A4F7556}") = "CSharp10Features", "CSharp10Features\CSharp10Features.csproj", "{801EA1D5-142A-494A-9E09-777D41EB1CE6}"
EndProject
Project("{9A19103F-16F7-4668-BE54-9A1E7A4F7556}") = "CSharp9Features", "CSharp9Features\CSharp9Features.csproj", "{3A788BF8-DEA4-4851-8A03-E48552CA2CC4}"
EndProject
Project("{9A19103F-16F7-4668-BE54-9A1E7A4F7556}") = "Common.Library", "Common.Library\Common.Library.csproj", "{AB51E43C-053B-4CD3-977F-C3A5D82CF57A}"
EndProject
Project("{FAE04EC0-301F-11D3-BF4B-00C04F79EFBC}") = "CSharp12Features", "CSharp12Features\CSharp12Features.csproj", "{55D8B7B9-DD6C-4AE6-B2E7-F5B3D58606B0}"
EndProject
Global
	GlobalSection(SolutionConfigurationPlatforms) = preSolution
		Debug|Any CPU = Debug|Any CPU
		Release|Any CPU = Release|Any CPU
	EndGlobalSection
	GlobalSection(ProjectConfigurationPlatforms) = postSolution
		{2A10963E-E6DB-4291-ADEF-D364A7549F9E}.Debug|Any CPU.ActiveCfg = Debug|Any CPU
		{2A10963E-E6DB-4291-ADEF-D364A7549F9E}.Debug|Any CPU.Build.0 = Debug|Any CPU
		{2A10963E-E6DB-4291-ADEF-D364A7549F9E}.Release|Any CPU.ActiveCfg = Release|Any CPU
		{2A10963E-E6DB-4291-ADEF-D364A7549F9E}.Release|Any CPU.Build.0 = Release|Any CPU
		{801EA1D5-142A-494A-9E09-777D41EB1CE6}.Debug|Any CPU.ActiveCfg = Debug|Any CPU
		{801EA1D5-142A-494A-9E09-777D41EB1CE6}.Debug|Any CPU.Build.0 = Debug|Any CPU
		{801EA1D5-142A-494A-9E09-777D41EB1CE6}.Release|Any CPU.ActiveCfg = Release|Any CPU
		{801EA1D5-142A-494A-9E09-777D41EB1CE6}.Release|Any CPU.Build.0 = Release|Any CPU
		{3A788BF8-DEA4-4851-8A03-E48552CA2CC4}.Debug|Any CPU.ActiveCfg = Debug|Any CPU
		{3A788BF8-DEA4-4851-8A03-E48552CA2CC4}.Debug|Any CPU.Build.0 = Debug|Any CPU
		{3A788BF8-DEA4-4851-8A03-E48552CA2CC4}.Release|Any CPU.ActiveCfg = Release|Any CPU
		{3A788BF8-DEA4-4851-8A03-E48552CA2CC4}.Release|Any CPU.Build.0 = Release|Any CPU
		{AB51E43C-053B-4CD3-977F-C3A5D82CF57A}.Debug|Any CPU.ActiveCfg = Debug|Any CPU
		{AB51E43C-053B-4CD3-977F-C3A5D82CF57A}.Debug|Any CPU.Build.0 = Debug|Any CPU
		{AB51E43C-053B-4CD3-977F-C3A5D82CF57A}.Release|Any CPU.ActiveCfg = Release|Any CPU
		{AB51E43C-053B-4CD3-977F-C3A5D82CF57A}.Release|Any CPU.Build.0 = Release|Any CPU
		{55D8B7B9-DD6C-4AE6-B2E7-F5B3D58606B0}.Debug|Any CPU.ActiveCfg = Debug|Any CPU
		{55D8B7B9-DD6C-4AE6-B2E7-F5B3D58606B0}.Debug|Any CPU.Build.0 = Debug|Any CPU
		{55D8B7B9-DD6C-4AE6-B2E7-F5B3D58606B0}.Release|Any CPU.ActiveCfg = Release|Any CPU
		{55D8B7B9-DD6C-4AE6-B2E7-F5B3D58606B0}.Release|Any CPU.Build.0 = Release|Any CPU
	EndGlobalSection
	GlobalSection(SolutionProperties) = preSolution
		HideSolutionNode = FALSE
	EndGlobalSection
	GlobalSection(ExtensibilityGlobals) = postSolution
		SolutionGuid = {8ABE95D4-A3CD-4500-AFE4-451038438944}
	EndGlobalSection
EndGlobal
